
Microsoft Visual Studio Solution File, Format Version 12.00
# Visual Studio 15
VisualStudioVersion = 15.0.28307.1082
MinimumVisualStudioVersion = 10.0.40219.1
Project("{FAE04EC0-301F-11D3-BF4B-00C04F79EFBC}") = "Pong", "Pong\Pong.csproj", "{E6530144-5740-4A0C-ADCD-BF4BC52602D6}"
EndProject
Global
	GlobalSection(SolutionConfigurationPlatforms) = preSolution
		Debug|x86 = Debug|x86
		Release|x86 = Release|x86
	EndGlobalSection
	GlobalSection(ProjectConfigurationPlatforms) = postSolution
		{E6530144-5740-4A0C-ADCD-BF4BC52602D6}.Debug|x86.ActiveCfg = Debug|x86
		{E6530144-5740-4A0C-ADCD-BF4BC52602D6}.Debug|x86.Build.0 = Debug|x86
		{E6530144-5740-4A0C-ADCD-BF4BC52602D6}.Release|x86.ActiveCfg = Release|x86
		{E6530144-5740-4A0C-ADCD-BF4BC52602D6}.Release|x86.Build.0 = Release|x86
	EndGlobalSection
	GlobalSection(SolutionProperties) = preSolution
		HideSolutionNode = FALSE
	EndGlobalSection
	GlobalSection(ExtensibilityGlobals) = postSolution
		SolutionGuid = {9C8CB75A-C923-4CFC-994B-B448E99A3302}
	EndGlobalSection
EndGlobal
